
Microsoft Visual Studio Solution File, Format Version 12.00
# Visual Studio Version 16
VisualStudioVersion = 16.0.28803.202
MinimumVisualStudioVersion = 10.0.40219.1
Project("{FAE04EC0-301F-11D3-BF4B-00C04F79EFBC}") = "SuperHeroes", "SuperHeroes\SuperHeroes.csproj", "{30D6B8B1-742F-4357-94B0-C1A6F8C9B064}"
EndProject
Global
	GlobalSection(SolutionConfigurationPlatforms) = preSolution
		Debug|Any CPU = Debug|Any CPU
		Release|Any CPU = Release|Any CPU
	EndGlobalSection
	GlobalSection(ProjectConfigurationPlatforms) = postSolution
		{30D6B8B1-742F-4357-94B0-C1A6F8C9B064}.Debug|Any CPU.ActiveCfg = Debug|Any CPU
		{30D6B8B1-742F-4357-94B0-C1A6F8C9B064}.Debug|Any CPU.Build.0 = Debug|Any CPU
		{30D6B8B1-742F-4357-94B0-C1A6F8C9B064}.Release|Any CPU.ActiveCfg = Release|Any CPU
		{30D6B8B1-742F-4357-94B0-C1A6F8C9B064}.Release|Any CPU.Build.0 = Release|Any CPU
	EndGlobalSection
	GlobalSection(SolutionProperties) = preSolution
		HideSolutionNode = FALSE
	EndGlobalSection
	GlobalSection(ExtensibilityGlobals) = postSolution
		SolutionGuid = {B9D87AB7-7646-4D2E-AE2F-B87C34266878}
	EndGlobalSection
EndGlobal
